
Microsoft Visual Studio Solution File, Format Version 12.00
# Visual Studio Version 16
VisualStudioVersion = 16.0.29613.14
MinimumVisualStudioVersion = 10.0.40219.1
Project("{FAE04EC0-301F-11D3-BF4B-00C04F79EFBC}") = "AetheriumMono", "AetheriumMono.csproj", "{1FF0FA7A-3871-490B-BD61-C951F27C6B26}"
EndProject
Global
	GlobalSection(SolutionConfigurationPlatforms) = preSolution
		Debug|Any CPU = Debug|Any CPU
		Release|Any CPU = Release|Any CPU
	EndGlobalSection
	GlobalSection(ProjectConfigurationPlatforms) = postSolution
		{1FF0FA7A-3871-490B-BD61-C951F27C6B26}.Debug|Any CPU.ActiveCfg = Debug|Any CPU
		{1FF0FA7A-3871-490B-BD61-C951F27C6B26}.Debug|Any CPU.Build.0 = Debug|Any CPU
		{1FF0FA7A-3871-490B-BD61-C951F27C6B26}.Release|Any CPU.ActiveCfg = Release|Any CPU
		{1FF0FA7A-3871-490B-BD61-C951F27C6B26}.Release|Any CPU.Build.0 = Release|Any CPU
	EndGlobalSection
	GlobalSection(SolutionProperties) = preSolution
		HideSolutionNode = FALSE
	EndGlobalSection
	GlobalSection(ExtensibilityGlobals) = postSolution
		SolutionGuid = {E5F59B50-4CE4-4926-A822-1D60C78F18AC}
	EndGlobalSection
EndGlobal
